{
  "name": "qieyun",
  "lockfileVersion": 2,
  "requires": true,
  "packages": {
    "": {
      "dependencies": {
        "qieyun": "^0.12.2",
        "qieyun-examples": "^20210422.0.0"
      }
    },
    "node_modules/qieyun": {
      "version": "0.12.2",
      "resolved": "https://registry.npmjs.org/qieyun/-/qieyun-0.12.2.tgz",
      "integrity": "sha512-17lCrlaia8xB10OoRhc8Q3fiESXlHD1Bq8BalQJj8+rqFIqwPETI0H55efv4n1u09f5HUzob37zyM6UFU/6Rjw==",
      "engines": {
        "node": ">=10"
      }
    },
    "node_modules/qieyun-examples": {
      "version": "20210422.0.0",
      "resolved": "https://registry.npmjs.org/qieyun-examples/-/qieyun-examples-20210422.0.0.tgz",
      "integrity": "sha512-oSOqd0WHXclUgK26Nx3V0OXjSqduoh142UF5swpM8qlW4aVdDvrzQyxvju72lBSuGdAXEJNyNxxbazIFat2sTg==",
      "dependencies": {
        "qieyun": "^0.12.2"
      }
    }
  },
  "dependencies": {
    "qieyun": {
      "version": "0.12.2",
      "resolved": "https://registry.npmjs.org/qieyun/-/qieyun-0.12.2.tgz",
      "integrity": "sha512-17lCrlaia8xB10OoRhc8Q3fiESXlHD1Bq8BalQJj8+rqFIqwPETI0H55efv4n1u09f5HUzob37zyM6UFU/6Rjw=="
    },
    "qieyun-examples": {
      "version": "20210422.0.0",
      "resolved": "https://registry.npmjs.org/qieyun-examples/-/qieyun-examples-20210422.0.0.tgz",
      "integrity": "sha512-oSOqd0WHXclUgK26Nx3V0OXjSqduoh142UF5swpM8qlW4aVdDvrzQyxvju72lBSuGdAXEJNyNxxbazIFat2sTg==",
      "requires": {
        "qieyun": "^0.12.2"
      }
    }
  }
}
